
Microsoft Visual Studio Solution File, Format Version 12.00
# Visual Studio Version 17
VisualStudioVersion = 17.14.36203.30 d17.14
MinimumVisualStudioVersion = 10.0.40219.1
Project("{FAE04EC0-301F-11D3-BF4B-00C04F79EFBC}") = "Maze", "Maze\Maze.csproj", "{068D5197-6373-44D1-943E-E48BE1314EAC}"
EndProject
Global
	GlobalSection(SolutionConfigurationPlatforms) = preSolution
		Debug|Any CPU = Debug|Any CPU
		Release|Any CPU = Release|Any CPU
	EndGlobalSection
	GlobalSection(ProjectConfigurationPlatforms) = postSolution
		{068D5197-6373-44D1-943E-E48BE1314EAC}.Debug|Any CPU.ActiveCfg = Debug|Any CPU
		{068D5197-6373-44D1-943E-E48BE1314EAC}.Debug|Any CPU.Build.0 = Debug|Any CPU
		{068D5197-6373-44D1-943E-E48BE1314EAC}.Release|Any CPU.ActiveCfg = Release|Any CPU
		{068D5197-6373-44D1-943E-E48BE1314EAC}.Release|Any CPU.Build.0 = Release|Any CPU
	EndGlobalSection
	GlobalSection(SolutionProperties) = preSolution
		HideSolutionNode = FALSE
	EndGlobalSection
	GlobalSection(ExtensibilityGlobals) = postSolution
		SolutionGuid = {FBE82EC9-5637-49FE-8E97-871007126EF1}
	EndGlobalSection
EndGlobal
